
Microsoft Visual Studio Solution File, Format Version 12.00
# Visual Studio 15
VisualStudioVersion = 15.0.28307.421
MinimumVisualStudioVersion = 10.0.40219.1
Project("{FAE04EC0-301F-11D3-BF4B-00C04F79EFBC}") = "viper", "viper\viper.csproj", "{6902D911-8223-4C01-B674-78F7E3F1FE70}"
EndProject
Global
	GlobalSection(SolutionConfigurationPlatforms) = preSolution
		Debug|Any CPU = Debug|Any CPU
		Release|Any CPU = Release|Any CPU
	EndGlobalSection
	GlobalSection(ProjectConfigurationPlatforms) = postSolution
		{6902D911-8223-4C01-B674-78F7E3F1FE70}.Debug|Any CPU.ActiveCfg = Debug|Any CPU
		{6902D911-8223-4C01-B674-78F7E3F1FE70}.Debug|Any CPU.Build.0 = Debug|Any CPU
		{6902D911-8223-4C01-B674-78F7E3F1FE70}.Release|Any CPU.ActiveCfg = Release|Any CPU
		{6902D911-8223-4C01-B674-78F7E3F1FE70}.Release|Any CPU.Build.0 = Release|Any CPU
	EndGlobalSection
	GlobalSection(SolutionProperties) = preSolution
		HideSolutionNode = FALSE
	EndGlobalSection
	GlobalSection(ExtensibilityGlobals) = postSolution
		SolutionGuid = {3F2DBBD1-C056-4558-899F-D93E73923E36}
	EndGlobalSection
EndGlobal
